
Microsoft Visual Studio Solution File, Format Version 12.00
# Visual Studio Version 17
VisualStudioVersion = 17.0.31903.59
MinimumVisualStudioVersion = 10.0.40219.1
Project("{2150E333-8FDC-42A3-9474-1A3956D46DE8}") = "src", "src", "{827E0CD3-B72D-47B6-A68D-7590B98EB39B}"
EndProject
Project("{FAE04EC0-301F-11D3-BF4B-00C04F79EFBC}") = "HEUSS.Core", "src\HEUSS.Core\HEUSS.Core.csproj", "{F2F4A116-6FF0-42CD-B29A-695C1E23229E}"
EndProject
Project("{FAE04EC0-301F-11D3-BF4B-00C04F79EFBC}") = "HEUSS.Simulation", "src\HEUSS.Simulation\HEUSS.Simulation.csproj", "{01EF004F-D249-419E-87A3-5660526012B4}"
EndProject
Project("{FAE04EC0-301F-11D3-BF4B-00C04F79EFBC}") = "HEUSS.Services", "src\HEUSS.Services\HEUSS.Services.csproj", "{40EEC47B-E1AC-42F9-AFC7-5BBBB04911ED}"
EndProject
Project("{FAE04EC0-301F-11D3-BF4B-00C04F79EFBC}") = "HEUSS.Tests", "src\HEUSS.Tests\HEUSS.Tests.csproj", "{F90324C7-6B92-4CCE-AFF0-7DCC31BA41C4}"
EndProject
Project("{FAE04EC0-301F-11D3-BF4B-00C04F79EFBC}") = "HEUSS.CLI", "src\HEUSS.CLI\HEUSS.CLI.csproj", "{458DDE21-63C3-4E21-B3A1-FC7ED69C8CE2}"
EndProject
Global
	GlobalSection(SolutionConfigurationPlatforms) = preSolution
		Debug|Any CPU = Debug|Any CPU
		Debug|x64 = Debug|x64
		Debug|x86 = Debug|x86
		Release|Any CPU = Release|Any CPU
		Release|x64 = Release|x64
		Release|x86 = Release|x86
	EndGlobalSection
	GlobalSection(ProjectConfigurationPlatforms) = postSolution
		{F2F4A116-6FF0-42CD-B29A-695C1E23229E}.Debug|Any CPU.ActiveCfg = Debug|Any CPU
		{F2F4A116-6FF0-42CD-B29A-695C1E23229E}.Debug|Any CPU.Build.0 = Debug|Any CPU
		{F2F4A116-6FF0-42CD-B29A-695C1E23229E}.Debug|x64.ActiveCfg = Debug|Any CPU
		{F2F4A116-6FF0-42CD-B29A-695C1E23229E}.Debug|x64.Build.0 = Debug|Any CPU
		{F2F4A116-6FF0-42CD-B29A-695C1E23229E}.Debug|x86.ActiveCfg = Debug|Any CPU
		{F2F4A116-6FF0-42CD-B29A-695C1E23229E}.Debug|x86.Build.0 = Debug|Any CPU
		{F2F4A116-6FF0-42CD-B29A-695C1E23229E}.Release|Any CPU.ActiveCfg = Release|Any CPU
		{F2F4A116-6FF0-42CD-B29A-695C1E23229E}.Release|Any CPU.Build.0 = Release|Any CPU
		{F2F4A116-6FF0-42CD-B29A-695C1E23229E}.Release|x64.ActiveCfg = Release|Any CPU
		{F2F4A116-6FF0-42CD-B29A-695C1E23229E}.Release|x64.Build.0 = Release|Any CPU
		{F2F4A116-6FF0-42CD-B29A-695C1E23229E}.Release|x86.ActiveCfg = Release|Any CPU
		{F2F4A116-6FF0-42CD-B29A-695C1E23229E}.Release|x86.Build.0 = Release|Any CPU
		{01EF004F-D249-419E-87A3-5660526012B4}.Debug|Any CPU.ActiveCfg = Debug|Any CPU
		{01EF004F-D249-419E-87A3-5660526012B4}.Debug|Any CPU.Build.0 = Debug|Any CPU
		{01EF004F-D249-419E-87A3-5660526012B4}.Debug|x64.ActiveCfg = Debug|Any CPU
		{01EF004F-D249-419E-87A3-5660526012B4}.Debug|x64.Build.0 = Debug|Any CPU
		{01EF004F-D249-419E-87A3-5660526012B4}.Debug|x86.ActiveCfg = Debug|Any CPU
		{01EF004F-D249-419E-87A3-5660526012B4}.Debug|x86.Build.0 = Debug|Any CPU
		{01EF004F-D249-419E-87A3-5660526012B4}.Release|Any CPU.ActiveCfg = Release|Any CPU
		{01EF004F-D249-419E-87A3-5660526012B4}.Release|Any CPU.Build.0 = Release|Any CPU
		{01EF004F-D249-419E-87A3-5660526012B4}.Release|x64.ActiveCfg = Release|Any CPU
		{01EF004F-D249-419E-87A3-5660526012B4}.Release|x64.Build.0 = Release|Any CPU
		{01EF004F-D249-419E-87A3-5660526012B4}.Release|x86.ActiveCfg = Release|Any CPU
		{01EF004F-D249-419E-87A3-5660526012B4}.Release|x86.Build.0 = Release|Any CPU
		{40EEC47B-E1AC-42F9-AFC7-5BBBB04911ED}.Debug|Any CPU.ActiveCfg = Debug|Any CPU
		{40EEC47B-E1AC-42F9-AFC7-5BBBB04911ED}.Debug|Any CPU.Build.0 = Debug|Any CPU
		{40EEC47B-E1AC-42F9-AFC7-5BBBB04911ED}.Debug|x64.ActiveCfg = Debug|Any CPU
		{40EEC47B-E1AC-42F9-AFC7-5BBBB04911ED}.Debug|x64.Build.0 = Debug|Any CPU
		{40EEC47B-E1AC-42F9-AFC7-5BBBB04911ED}.Debug|x86.ActiveCfg = Debug|Any CPU
		{40EEC47B-E1AC-42F9-AFC7-5BBBB04911ED}.Debug|x86.Build.0 = Debug|Any CPU
		{40EEC47B-E1AC-42F9-AFC7-5BBBB04911ED}.Release|Any CPU.ActiveCfg = Release|Any CPU
		{40EEC47B-E1AC-42F9-AFC7-5BBBB04911ED}.Release|Any CPU.Build.0 = Release|Any CPU
		{40EEC47B-E1AC-42F9-AFC7-5BBBB04911ED}.Release|x64.ActiveCfg = Release|Any CPU
		{40EEC47B-E1AC-42F9-AFC7-5BBBB04911ED}.Release|x64.Build.0 = Release|Any CPU
		{40EEC47B-E1AC-42F9-AFC7-5BBBB04911ED}.Release|x86.ActiveCfg = Release|Any CPU
		{40EEC47B-E1AC-42F9-AFC7-5BBBB04911ED}.Release|x86.Build.0 = Release|Any CPU
		{F90324C7-6B92-4CCE-AFF0-7DCC31BA41C4}.Debug|Any CPU.ActiveCfg = Debug|Any CPU
		{F90324C7-6B92-4CCE-AFF0-7DCC31BA41C4}.Debug|Any CPU.Build.0 = Debug|Any CPU
		{F90324C7-6B92-4CCE-AFF0-7DCC31BA41C4}.Debug|x64.ActiveCfg = Debug|Any CPU
		{F90324C7-6B92-4CCE-AFF0-7DCC31BA41C4}.Debug|x64.Build.0 = Debug|Any CPU
		{F90324C7-6B92-4CCE-AFF0-7DCC31BA41C4}.Debug|x86.ActiveCfg = Debug|Any CPU
		{F90324C7-6B92-4CCE-AFF0-7DCC31BA41C4}.Debug|x86.Build.0 = Debug|Any CPU
		{F90324C7-6B92-4CCE-AFF0-7DCC31BA41C4}.Release|Any CPU.ActiveCfg = Release|Any CPU
		{F90324C7-6B92-4CCE-AFF0-7DCC31BA41C4}.Release|Any CPU.Build.0 = Release|Any CPU
		{F90324C7-6B92-4CCE-AFF0-7DCC31BA41C4}.Release|x64.ActiveCfg = Release|Any CPU
		{F90324C7-6B92-4CCE-AFF0-7DCC31BA41C4}.Release|x64.Build.0 = Release|Any CPU
		{F90324C7-6B92-4CCE-AFF0-7DCC31BA41C4}.Release|x86.ActiveCfg = Release|Any CPU
		{F90324C7-6B92-4CCE-AFF0-7DCC31BA41C4}.Release|x86.Build.0 = Release|Any CPU
		{458DDE21-63C3-4E21-B3A1-FC7ED69C8CE2}.Debug|Any CPU.ActiveCfg = Debug|Any CPU
		{458DDE21-63C3-4E21-B3A1-FC7ED69C8CE2}.Debug|Any CPU.Build.0 = Debug|Any CPU
		{458DDE21-63C3-4E21-B3A1-FC7ED69C8CE2}.Debug|x64.ActiveCfg = Debug|Any CPU
		{458DDE21-63C3-4E21-B3A1-FC7ED69C8CE2}.Debug|x64.Build.0 = Debug|Any CPU
		{458DDE21-63C3-4E21-B3A1-FC7ED69C8CE2}.Debug|x86.ActiveCfg = Debug|Any CPU
		{458DDE21-63C3-4E21-B3A1-FC7ED69C8CE2}.Debug|x86.Build.0 = Debug|Any CPU
		{458DDE21-63C3-4E21-B3A1-FC7ED69C8CE2}.Release|Any CPU.ActiveCfg = Release|Any CPU
		{458DDE21-63C3-4E21-B3A1-FC7ED69C8CE2}.Release|Any CPU.Build.0 = Release|Any CPU
		{458DDE21-63C3-4E21-B3A1-FC7ED69C8CE2}.Release|x64.ActiveCfg = Release|Any CPU
		{458DDE21-63C3-4E21-B3A1-FC7ED69C8CE2}.Release|x64.Build.0 = Release|Any CPU
		{458DDE21-63C3-4E21-B3A1-FC7ED69C8CE2}.Release|x86.ActiveCfg = Release|Any CPU
		{458DDE21-63C3-4E21-B3A1-FC7ED69C8CE2}.Release|x86.Build.0 = Release|Any CPU
	EndGlobalSection
	GlobalSection(SolutionProperties) = preSolution
		HideSolutionNode = FALSE
	EndGlobalSection
	GlobalSection(NestedProjects) = preSolution
		{F2F4A116-6FF0-42CD-B29A-695C1E23229E} = {827E0CD3-B72D-47B6-A68D-7590B98EB39B}
		{01EF004F-D249-419E-87A3-5660526012B4} = {827E0CD3-B72D-47B6-A68D-7590B98EB39B}
		{40EEC47B-E1AC-42F9-AFC7-5BBBB04911ED} = {827E0CD3-B72D-47B6-A68D-7590B98EB39B}
		{F90324C7-6B92-4CCE-AFF0-7DCC31BA41C4} = {827E0CD3-B72D-47B6-A68D-7590B98EB39B}
		{458DDE21-63C3-4E21-B3A1-FC7ED69C8CE2} = {827E0CD3-B72D-47B6-A68D-7590B98EB39B}
	EndGlobalSection
EndGlobal
